
Microsoft Visual Studio Solution File, Format Version 12.00
# Visual Studio 15
VisualStudioVersion = 15.0.28307.960
MinimumVisualStudioVersion = 10.0.40219.1
Project("{FAE04EC0-301F-11D3-BF4B-00C04F79EFBC}") = "Book Reading Events", "Book Reading Events\Book Reading Events.csproj", "{1A098102-FEB7-4639-87A7-3907BBB38E72}"
EndProject
Global
	GlobalSection(SolutionConfigurationPlatforms) = preSolution
		Debug|Any CPU = Debug|Any CPU
		Release|Any CPU = Release|Any CPU
	EndGlobalSection
	GlobalSection(ProjectConfigurationPlatforms) = postSolution
		{1A098102-FEB7-4639-87A7-3907BBB38E72}.Debug|Any CPU.ActiveCfg = Debug|Any CPU
		{1A098102-FEB7-4639-87A7-3907BBB38E72}.Debug|Any CPU.Build.0 = Debug|Any CPU
		{1A098102-FEB7-4639-87A7-3907BBB38E72}.Release|Any CPU.ActiveCfg = Release|Any CPU
		{1A098102-FEB7-4639-87A7-3907BBB38E72}.Release|Any CPU.Build.0 = Release|Any CPU
	EndGlobalSection
	GlobalSection(SolutionProperties) = preSolution
		HideSolutionNode = FALSE
	EndGlobalSection
	GlobalSection(ExtensibilityGlobals) = postSolution
		SolutionGuid = {92CF34E3-CD8A-489E-A28D-4B7FF772BB59}
	EndGlobalSection
EndGlobal
